
Microsoft Visual Studio Solution File, Format Version 12.00
# Visual Studio 14
VisualStudioVersion = 14.0.25420.1
MinimumVisualStudioVersion = 10.0.40219.1
Project("{FAE04EC0-301F-11D3-BF4B-00C04F79EFBC}") = "week31", "week31\week31.csproj", "{BD48E146-EAD0-4E62-8291-3EDD476D3AA1}"
EndProject
Global
	GlobalSection(SolutionConfigurationPlatforms) = preSolution
		Debug|Any CPU = Debug|Any CPU
		Release|Any CPU = Release|Any CPU
	EndGlobalSection
	GlobalSection(ProjectConfigurationPlatforms) = postSolution
		{BD48E146-EAD0-4E62-8291-3EDD476D3AA1}.Debug|Any CPU.ActiveCfg = Debug|Any CPU
		{BD48E146-EAD0-4E62-8291-3EDD476D3AA1}.Debug|Any CPU.Build.0 = Debug|Any CPU
		{BD48E146-EAD0-4E62-8291-3EDD476D3AA1}.Release|Any CPU.ActiveCfg = Release|Any CPU
		{BD48E146-EAD0-4E62-8291-3EDD476D3AA1}.Release|Any CPU.Build.0 = Release|Any CPU
	EndGlobalSection
	GlobalSection(SolutionProperties) = preSolution
		HideSolutionNode = FALSE
	EndGlobalSection
EndGlobal
